{
  "name": "distribution",
  "version": "1.0.0",
  "lockfileVersion": 1,
  "requires": true,
  "dependencies": {
    "debug": {
      "version": "2.6.8",
      "resolved": "https://registry.npmjs.org/debug/-/debug-2.6.8.tgz",
      "integrity": "sha1-5zFTHKLt4n0YgiJCfaF4IdaP9Pw=",
      "requires": {
        "ms": "2.0.0"
      }
    },
    "ms": {
      "version": "2.0.0",
      "resolved": "https://registry.npmjs.org/ms/-/ms-2.0.0.tgz",
      "integrity": "sha1-VgiurfwAvmwpAd9fmGF4jeDVl8g="
    },
    "vue-qriously": {
      "version": "1.1.1",
      "resolved": "https://registry.npmjs.org/vue-qriously/-/vue-qriously-1.1.1.tgz",
      "integrity": "sha512-AlP8A7LpXWF5lyJsQYxtPE3+qlRqIBX9CP3cn0Oiov9QFNovp+3z7VJLqHRQh6poXO5K2RbZwAiY3hsVVlQbRg==",
      "dev": true
    },
    "webpack-hmr": {
      "version": "1.0.2",
      "resolved": "https://registry.npmjs.org/webpack-hmr/-/webpack-hmr-1.0.2.tgz",
      "integrity": "sha1-4+kv6BxnME6OAmmVBMjTG+MAsYU=",
      "requires": {
        "debug": "2.6.8"
      }
    }
  }
}
